
Microsoft Visual Studio Solution File, Format Version 12.00
# Visual Studio Version 16
VisualStudioVersion = 16.0.29215.179
MinimumVisualStudioVersion = 10.0.40219.1
Project("{FAE04EC0-301F-11D3-BF4B-00C04F79EFBC}") = "epic_fake_ai", "epic_fake_ai\epic_fake_ai.csproj", "{1CD60C0F-B30E-455C-984F-4E4A408CB38E}"
EndProject
Global
	GlobalSection(SolutionConfigurationPlatforms) = preSolution
		Debug|Any CPU = Debug|Any CPU
		Release|Any CPU = Release|Any CPU
	EndGlobalSection
	GlobalSection(ProjectConfigurationPlatforms) = postSolution
		{1CD60C0F-B30E-455C-984F-4E4A408CB38E}.Debug|Any CPU.ActiveCfg = Debug|Any CPU
		{1CD60C0F-B30E-455C-984F-4E4A408CB38E}.Debug|Any CPU.Build.0 = Debug|Any CPU
		{1CD60C0F-B30E-455C-984F-4E4A408CB38E}.Release|Any CPU.ActiveCfg = Release|Any CPU
		{1CD60C0F-B30E-455C-984F-4E4A408CB38E}.Release|Any CPU.Build.0 = Release|Any CPU
	EndGlobalSection
	GlobalSection(SolutionProperties) = preSolution
		HideSolutionNode = FALSE
	EndGlobalSection
	GlobalSection(ExtensibilityGlobals) = postSolution
		SolutionGuid = {A8AC7361-88FE-4426-A466-74D089CE5E3F}
	EndGlobalSection
EndGlobal
